
Microsoft Visual Studio Solution File, Format Version 12.00
# Visual Studio Version 17
VisualStudioVersion = 17.6.33829.357
MinimumVisualStudioVersion = 10.0.40219.1
Project("{FAE04EC0-301F-11D3-BF4B-00C04F79EFBC}") = "ThucHanhWedMVC", "ThucHanhWedMVC\ThucHanhWedMVC.csproj", "{536C29B3-2C7E-4791-A2BA-C4F1F131D37F}"
EndProject
Global
	GlobalSection(SolutionConfigurationPlatforms) = preSolution
		Debug|Any CPU = Debug|Any CPU
		Release|Any CPU = Release|Any CPU
	EndGlobalSection
	GlobalSection(ProjectConfigurationPlatforms) = postSolution
		{536C29B3-2C7E-4791-A2BA-C4F1F131D37F}.Debug|Any CPU.ActiveCfg = Debug|Any CPU
		{536C29B3-2C7E-4791-A2BA-C4F1F131D37F}.Debug|Any CPU.Build.0 = Debug|Any CPU
		{536C29B3-2C7E-4791-A2BA-C4F1F131D37F}.Release|Any CPU.ActiveCfg = Release|Any CPU
		{536C29B3-2C7E-4791-A2BA-C4F1F131D37F}.Release|Any CPU.Build.0 = Release|Any CPU
	EndGlobalSection
	GlobalSection(SolutionProperties) = preSolution
		HideSolutionNode = FALSE
	EndGlobalSection
	GlobalSection(ExtensibilityGlobals) = postSolution
		SolutionGuid = {5934A076-3040-44D0-A2B6-5189F4929F80}
	EndGlobalSection
EndGlobal
